// !$*UTF8*$!
{
	archiveVersion = 1;
	classes = {
	};
	objectVersion = 51;
	objects = {

/* Begin PBXBuildFile section */
		B2A1E9465CE23892C56F2ED8 /* Pods_TinderClone.framework in Frameworks */ = {isa = PBXBuildFile; fileRef = 314288BC61E68506518EDE77 /* Pods_TinderClone.framework */; };
		D748B3EC24BC95DA0008C3B4 /* AppDelegate.swift in Sources */ = {isa = PBXBuildFile; fileRef = D748B3EB24BC95DA0008C3B4 /* AppDelegate.swift */; };
		D748B3EE24BC95DA0008C3B4 /* SceneDelegate.swift in Sources */ = {isa = PBXBuildFile; fileRef = D748B3ED24BC95DA0008C3B4 /* SceneDelegate.swift */; };
		D748B3F324BC95DA0008C3B4 /* Main.storyboard in Resources */ = {isa = PBXBuildFile; fileRef = D748B3F124BC95DA0008C3B4 /* Main.storyboard */; };
		D748B3F524BC95DB0008C3B4 /* Assets.xcassets in Resources */ = {isa = PBXBuildFile; fileRef = D748B3F424BC95DB0008C3B4 /* Assets.xcassets */; };
		D748B3F824BC95DB0008C3B4 /* LaunchScreen.storyboard in Resources */ = {isa = PBXBuildFile; fileRef = D748B3F624BC95DB0008C3B4 /* LaunchScreen.storyboard */; };
		D748B40624BC96760008C3B4 /* HomeController.swift in Sources */ = {isa = PBXBuildFile; fileRef = D748B40524BC96760008C3B4 /* HomeController.swift */; };
		D748B40A24BC98B40008C3B4 /* Extensions.swift in Sources */ = {isa = PBXBuildFile; fileRef = D748B40924BC98B40008C3B4 /* Extensions.swift */; };
		D748B40C24BC9A670008C3B4 /* HomeNavigationStackView.swift in Sources */ = {isa = PBXBuildFile; fileRef = D748B40B24BC9A670008C3B4 /* HomeNavigationStackView.swift */; };
		D748B40E24BCA09E0008C3B4 /* BottomControlsStackView.swift in Sources */ = {isa = PBXBuildFile; fileRef = D748B40D24BCA09E0008C3B4 /* BottomControlsStackView.swift */; };
		D748B41024BCAA560008C3B4 /* CardView.swift in Sources */ = {isa = PBXBuildFile; fileRef = D748B40F24BCAA560008C3B4 /* CardView.swift */; };
		D75DB46E24C4165D00F118C3 /* SettingsController.swift in Sources */ = {isa = PBXBuildFile; fileRef = D75DB46D24C4165D00F118C3 /* SettingsController.swift */; };
		D75DB47024C41A0100F118C3 /* SettingHeader.swift in Sources */ = {isa = PBXBuildFile; fileRef = D75DB46F24C41A0100F118C3 /* SettingHeader.swift */; };
		D75DB47224C429A500F118C3 /* SettingCell.swift in Sources */ = {isa = PBXBuildFile; fileRef = D75DB47124C429A500F118C3 /* SettingCell.swift */; };
		D75DB47424C42AEC00F118C3 /* SettingsViewModel.swift in Sources */ = {isa = PBXBuildFile; fileRef = D75DB47324C42AEC00F118C3 /* SettingsViewModel.swift */; };
		D77CA22124C08EAF00A3CFEA /* CustomTextField.swift in Sources */ = {isa = PBXBuildFile; fileRef = D77CA22024C08EAF00A3CFEA /* CustomTextField.swift */; };
		D77CA22324C092C000A3CFEA /* AuthButton.swift in Sources */ = {isa = PBXBuildFile; fileRef = D77CA22224C092C000A3CFEA /* AuthButton.swift */; };
		D78869FB24BF459A004A06F4 /* LoginController.swift in Sources */ = {isa = PBXBuildFile; fileRef = D78869FA24BF459A004A06F4 /* LoginController.swift */; };
		D78869FD24BF45AC004A06F4 /* RegistrationController.swift in Sources */ = {isa = PBXBuildFile; fileRef = D78869FC24BF45AC004A06F4 /* RegistrationController.swift */; };
		D788EDA824C30D6800D0D85A /* AuthService.swift in Sources */ = {isa = PBXBuildFile; fileRef = D788EDA724C30D6800D0D85A /* AuthService.swift */; };
		D788EDAA24C30D7A00D0D85A /* Service.swift in Sources */ = {isa = PBXBuildFile; fileRef = D788EDA924C30D7A00D0D85A /* Service.swift */; };
		D788EDAC24C330C000D0D85A /* Constants.swift in Sources */ = {isa = PBXBuildFile; fileRef = D788EDAB24C330C000D0D85A /* Constants.swift */; };
		D7D92DFC24BDF9E600E610EA /* User.swift in Sources */ = {isa = PBXBuildFile; fileRef = D7D92DFB24BDF9E600E610EA /* User.swift */; };
		D7D92DFE24BDFADA00E610EA /* CardViewModel.swift in Sources */ = {isa = PBXBuildFile; fileRef = D7D92DFD24BDFADA00E610EA /* CardViewModel.swift */; };
		D7E8C5AA24C2B6B3009C7338 /* AuthentificationViewModel.swift in Sources */ = {isa = PBXBuildFile; fileRef = D7E8C5A924C2B6B3009C7338 /* AuthentificationViewModel.swift */; };
		D7E8C5AC24C2CA3F009C7338 /* GoogleService-Info.plist in Resources */ = {isa = PBXBuildFile; fileRef = D7E8C5AB24C2CA3F009C7338 /* GoogleService-Info.plist */; };
/* End PBXBuildFile section */

/* Begin PBXFileReference section */
		314288BC61E68506518EDE77 /* Pods_TinderClone.framework */ = {isa = PBXFileReference; explicitFileType = wrapper.framework; includeInIndex = 0; path = Pods_TinderClone.framework; sourceTree = BUILT_PRODUCTS_DIR; };
		7F827DCC284069587C3811B9 /* Pods-TinderClone.debug.xcconfig */ = {isa = PBXFileReference; includeInIndex = 1; lastKnownFileType = text.xcconfig; name = "Pods-TinderClone.debug.xcconfig"; path = "Target Support Files/Pods-TinderClone/Pods-TinderClone.debug.xcconfig"; sourceTree = "<group>"; };
		D748B3E824BC95DA0008C3B4 /* TinderClone.app */ = {isa = PBXFileReference; explicitFileType = wrapper.application; includeInIndex = 0; path = TinderClone.app; sourceTree = BUILT_PRODUCTS_DIR; };
		D748B3EB24BC95DA0008C3B4 /* AppDelegate.swift */ = {isa = PBXFileReference; lastKnownFileType = sourcecode.swift; path = AppDelegate.swift; sourceTree = "<group>"; };
		D748B3ED24BC95DA0008C3B4 /* SceneDelegate.swift */ = {isa = PBXFileReference; lastKnownFileType = sourcecode.swift; path = SceneDelegate.swift; sourceTree = "<group>"; };
		D748B3F224BC95DA0008C3B4 /* Base */ = {isa = PBXFileReference; lastKnownFileType = file.storyboard; name = Base; path = Base.lproj/Main.storyboard; sourceTree = "<group>"; };
		D748B3F424BC95DB0008C3B4 /* Assets.xcassets */ = {isa = PBXFileReference; lastKnownFileType = folder.assetcatalog; path = Assets.xcassets; sourceTree = "<group>"; };
		D748B3F724BC95DB0008C3B4 /* Base */ = {isa = PBXFileReference; lastKnownFileType = file.storyboard; name = Base; path = Base.lproj/LaunchScreen.storyboard; sourceTree = "<group>"; };
		D748B3F924BC95DB0008C3B4 /* Info.plist */ = {isa = PBXFileReference; lastKnownFileType = text.plist.xml; path = Info.plist; sourceTree = "<group>"; };
		D748B40524BC96760008C3B4 /* HomeController.swift */ = {isa = PBXFileReference; lastKnownFileType = sourcecode.swift; path = HomeController.swift; sourceTree = "<group>"; };
		D748B40924BC98B40008C3B4 /* Extensions.swift */ = {isa = PBXFileReference; fileEncoding = 4; lastKnownFileType = sourcecode.swift; path = Extensions.swift; sourceTree = "<group>"; };
		D748B40B24BC9A670008C3B4 /* HomeNavigationStackView.swift */ = {isa = PBXFileReference; lastKnownFileType = sourcecode.swift; path = HomeNavigationStackView.swift; sourceTree = "<group>"; };
		D748B40D24BCA09E0008C3B4 /* BottomControlsStackView.swift */ = {isa = PBXFileReference; lastKnownFileType = sourcecode.swift; path = BottomControlsStackView.swift; sourceTree = "<group>"; };
		D748B40F24BCAA560008C3B4 /* CardView.swift */ = {isa = PBXFileReference; lastKnownFileType = sourcecode.swift; path = CardView.swift; sourceTree = "<group>"; };
		D75DB46D24C4165D00F118C3 /* SettingsController.swift */ = {isa = PBXFileReference; lastKnownFileType = sourcecode.swift; path = SettingsController.swift; sourceTree = "<group>"; };
		D75DB46F24C41A0100F118C3 /* SettingHeader.swift */ = {isa = PBXFileReference; lastKnownFileType = sourcecode.swift; path = SettingHeader.swift; sourceTree = "<group>"; };
		D75DB47124C429A500F118C3 /* SettingCell.swift */ = {isa = PBXFileReference; lastKnownFileType = sourcecode.swift; path = SettingCell.swift; sourceTree = "<group>"; };
		D75DB47324C42AEC00F118C3 /* SettingsViewModel.swift */ = {isa = PBXFileReference; lastKnownFileType = sourcecode.swift; path = SettingsViewModel.swift; sourceTree = "<group>"; };
		D77CA22024C08EAF00A3CFEA /* CustomTextField.swift */ = {isa = PBXFileReference; lastKnownFileType = sourcecode.swift; path = CustomTextField.swift; sourceTree = "<group>"; };
		D77CA22224C092C000A3CFEA /* AuthButton.swift */ = {isa = PBXFileReference; lastKnownFileType = sourcecode.swift; path = AuthButton.swift; sourceTree = "<group>"; };
		D78869FA24BF459A004A06F4 /* LoginController.swift */ = {isa = PBXFileReference; lastKnownFileType = sourcecode.swift; path = LoginController.swift; sourceTree = "<group>"; };
		D78869FC24BF45AC004A06F4 /* RegistrationController.swift */ = {isa = PBXFileReference; lastKnownFileType = sourcecode.swift; path = RegistrationController.swift; sourceTree = "<group>"; };
		D788EDA724C30D6800D0D85A /* AuthService.swift */ = {isa = PBXFileReference; lastKnownFileType = sourcecode.swift; path = AuthService.swift; sourceTree = "<group>"; };
		D788EDA924C30D7A00D0D85A /* Service.swift */ = {isa = PBXFileReference; lastKnownFileType = sourcecode.swift; path = Service.swift; sourceTree = "<group>"; };
		D788EDAB24C330C000D0D85A /* Constants.swift */ = {isa = PBXFileReference; lastKnownFileType = sourcecode.swift; path = Constants.swift; sourceTree = "<group>"; };
		D7D92DFB24BDF9E600E610EA /* User.swift */ = {isa = PBXFileReference; lastKnownFileType = sourcecode.swift; path = User.swift; sourceTree = "<group>"; };
		D7D92DFD24BDFADA00E610EA /* CardViewModel.swift */ = {isa = PBXFileReference; lastKnownFileType = sourcecode.swift; path = CardViewModel.swift; sourceTree = "<group>"; };
		D7E8C5A924C2B6B3009C7338 /* AuthentificationViewModel.swift */ = {isa = PBXFileReference; lastKnownFileType = sourcecode.swift; path = AuthentificationViewModel.swift; sourceTree = "<group>"; };
		D7E8C5AB24C2CA3F009C7338 /* GoogleService-Info.plist */ = {isa = PBXFileReference; fileEncoding = 4; lastKnownFileType = text.plist.xml; path = "GoogleService-Info.plist"; sourceTree = "<group>"; };
		E4ADD36F26DF97128FD73970 /* Pods-TinderClone.release.xcconfig */ = {isa = PBXFileReference; includeInIndex = 1; lastKnownFileType = text.xcconfig; name = "Pods-TinderClone.release.xcconfig"; path = "Target Support Files/Pods-TinderClone/Pods-TinderClone.release.xcconfig"; sourceTree = "<group>"; };
/* End PBXFileReference section */

/* Begin PBXFrameworksBuildPhase section */
		D748B3E524BC95DA0008C3B4 /* Frameworks */ = {
			isa = PBXFrameworksBuildPhase;
			buildActionMask = 2147483647;
			files = (
				B2A1E9465CE23892C56F2ED8 /* Pods_TinderClone.framework in Frameworks */,
			);
			runOnlyForDeploymentPostprocessing = 0;
		};
/* End PBXFrameworksBuildPhase section */

/* Begin PBXGroup section */
		196AD2F85B2FD995359860B7 /* Frameworks */ = {
			isa = PBXGroup;
			children = (
				314288BC61E68506518EDE77 /* Pods_TinderClone.framework */,
			);
			name = Frameworks;
			sourceTree = "<group>";
		};
		19FACD57713B38F69FD3B53A /* Pods */ = {
			isa = PBXGroup;
			children = (
				7F827DCC284069587C3811B9 /* Pods-TinderClone.debug.xcconfig */,
				E4ADD36F26DF97128FD73970 /* Pods-TinderClone.release.xcconfig */,
			);
			path = Pods;
			sourceTree = "<group>";
		};
		D748B3DF24BC95DA0008C3B4 = {
			isa = PBXGroup;
			children = (
				D748B3EA24BC95DA0008C3B4 /* TinderClone */,
				D748B3E924BC95DA0008C3B4 /* Products */,
				19FACD57713B38F69FD3B53A /* Pods */,
				196AD2F85B2FD995359860B7 /* Frameworks */,
			);
			sourceTree = "<group>";
		};
		D748B3E924BC95DA0008C3B4 /* Products */ = {
			isa = PBXGroup;
			children = (
				D748B3E824BC95DA0008C3B4 /* TinderClone.app */,
			);
			name = Products;
			sourceTree = "<group>";
		};
		D748B3EA24BC95DA0008C3B4 /* TinderClone */ = {
			isa = PBXGroup;
			children = (
				D748B40424BC95E60008C3B4 /* Model */,
				D748B40324BC95E50008C3B4 /* View */,
				D748B40224BC95E40008C3B4 /* ViewModel */,
				D748B40124BC95E40008C3B4 /* Controller */,
				D748B40024BC95E30008C3B4 /* API */,
				D748B3FF24BC95E10008C3B4 /* Utils */,
				D748B3EB24BC95DA0008C3B4 /* AppDelegate.swift */,
				D748B3ED24BC95DA0008C3B4 /* SceneDelegate.swift */,
				D748B3F124BC95DA0008C3B4 /* Main.storyboard */,
				D748B3F424BC95DB0008C3B4 /* Assets.xcassets */,
				D748B3F624BC95DB0008C3B4 /* LaunchScreen.storyboard */,
				D7E8C5AB24C2CA3F009C7338 /* GoogleService-Info.plist */,
				D748B3F924BC95DB0008C3B4 /* Info.plist */,
			);
			path = TinderClone;
			sourceTree = "<group>";
		};
		D748B3FF24BC95E10008C3B4 /* Utils */ = {
			isa = PBXGroup;
			children = (
				D748B40924BC98B40008C3B4 /* Extensions.swift */,
				D77CA22024C08EAF00A3CFEA /* CustomTextField.swift */,
				D77CA22224C092C000A3CFEA /* AuthButton.swift */,
				D788EDAB24C330C000D0D85A /* Constants.swift */,
			);
			path = Utils;
			sourceTree = "<group>";
		};
		D748B40024BC95E30008C3B4 /* API */ = {
			isa = PBXGroup;
			children = (
				D788EDA724C30D6800D0D85A /* AuthService.swift */,
				D788EDA924C30D7A00D0D85A /* Service.swift */,
			);
			path = API;
			sourceTree = "<group>";
		};
		D748B40124BC95E40008C3B4 /* Controller */ = {
			isa = PBXGroup;
			children = (
				D78869F924BF4580004A06F4 /* Authentification */,
				D748B40524BC96760008C3B4 /* HomeController.swift */,
				D75DB46D24C4165D00F118C3 /* SettingsController.swift */,
			);
			path = Controller;
			sourceTree = "<group>";
		};
		D748B40224BC95E40008C3B4 /* ViewModel */ = {
			isa = PBXGroup;
			children = (
				D7D92DFD24BDFADA00E610EA /* CardViewModel.swift */,
				D7E8C5A924C2B6B3009C7338 /* AuthentificationViewModel.swift */,
				D75DB47324C42AEC00F118C3 /* SettingsViewModel.swift */,
			);
			path = ViewModel;
			sourceTree = "<group>";
		};
		D748B40324BC95E50008C3B4 /* View */ = {
			isa = PBXGroup;
			children = (
				D748B40B24BC9A670008C3B4 /* HomeNavigationStackView.swift */,
				D748B40D24BCA09E0008C3B4 /* BottomControlsStackView.swift */,
				D748B40F24BCAA560008C3B4 /* CardView.swift */,
				D75DB46F24C41A0100F118C3 /* SettingHeader.swift */,
				D75DB47124C429A500F118C3 /* SettingCell.swift */,
			);
			path = View;
			sourceTree = "<group>";
		};
		D748B40424BC95E60008C3B4 /* Model */ = {
			isa = PBXGroup;
			children = (
				D7D92DFB24BDF9E600E610EA /* User.swift */,
			);
			path = Model;
			sourceTree = "<group>";
		};
		D78869F924BF4580004A06F4 /* Authentification */ = {
			isa = PBXGroup;
			children = (
				D78869FA24BF459A004A06F4 /* LoginController.swift */,
				D78869FC24BF45AC004A06F4 /* RegistrationController.swift */,
			);
			path = Authentification;
			sourceTree = "<group>";
		};
/* End PBXGroup section */

/* Begin PBXNativeTarget section */
		D748B3E724BC95DA0008C3B4 /* TinderClone */ = {
			isa = PBXNativeTarget;
			buildConfigurationList = D748B3FC24BC95DB0008C3B4 /* Build configuration list for PBXNativeTarget "TinderClone" */;
			buildPhases = (
				1F111A0D1BE63DB8FCF9CEF9 /* [CP] Check Pods Manifest.lock */,
				D748B3E424BC95DA0008C3B4 /* Sources */,
				D748B3E524BC95DA0008C3B4 /* Frameworks */,
				D748B3E624BC95DA0008C3B4 /* Resources */,
				7E7BA2918BBA5FA109CD26D4 /* [CP] Embed Pods Frameworks */,
			);
			buildRules = (
			);
			dependencies = (
			);
			name = TinderClone;
			productName = TinderClone;
			productReference = D748B3E824BC95DA0008C3B4 /* TinderClone.app */;
			productType = "com.apple.product-type.application";
		};
/* End PBXNativeTarget section */

/* Begin PBXProject section */
		D748B3E024BC95DA0008C3B4 /* Project object */ = {
			isa = PBXProject;
			attributes = {
				LastSwiftUpdateCheck = 1120;
				LastUpgradeCheck = 1120;
				ORGANIZATIONNAME = Rizaldi;
				TargetAttributes = {
					D748B3E724BC95DA0008C3B4 = {
						CreatedOnToolsVersion = 11.2.1;
					};
				};
			};
			buildConfigurationList = D748B3E324BC95DA0008C3B4 /* Build configuration list for PBXProject "TinderClone" */;
			compatibilityVersion = "Xcode 9.3";
			developmentRegion = en;
			hasScannedForEncodings = 0;
			knownRegions = (
				en,
				Base,
			);
			mainGroup = D748B3DF24BC95DA0008C3B4;
			productRefGroup = D748B3E924BC95DA0008C3B4 /* Products */;
			projectDirPath = "";
			projectRoot = "";
			targets = (
				D748B3E724BC95DA0008C3B4 /* TinderClone */,
			);
		};
/* End PBXProject section */

/* Begin PBXResourcesBuildPhase section */
		D748B3E624BC95DA0008C3B4 /* Resources */ = {
			isa = PBXResourcesBuildPhase;
			buildActionMask = 2147483647;
			files = (
				D748B3F824BC95DB0008C3B4 /* LaunchScreen.storyboard in Resources */,
				D7E8C5AC24C2CA3F009C7338 /* GoogleService-Info.plist in Resources */,
				D748B3F524BC95DB0008C3B4 /* Assets.xcassets in Resources */,
				D748B3F324BC95DA0008C3B4 /* Main.storyboard in Resources */,
			);
			runOnlyForDeploymentPostprocessing = 0;
		};
/* End PBXResourcesBuildPhase section */

/* Begin PBXShellScriptBuildPhase section */
		1F111A0D1BE63DB8FCF9CEF9 /* [CP] Check Pods Manifest.lock */ = {
			isa = PBXShellScriptBuildPhase;
			buildActionMask = 2147483647;
			files = (
			);
			inputFileListPaths = (
			);
			inputPaths = (
				"${PODS_PODFILE_DIR_PATH}/Podfile.lock",
				"${PODS_ROOT}/Manifest.lock",
			);
			name = "[CP] Check Pods Manifest.lock";
			outputFileListPaths = (
			);
			outputPaths = (
				"$(DERIVED_FILE_DIR)/Pods-TinderClone-checkManifestLockResult.txt",
			);
			runOnlyForDeploymentPostprocessing = 0;
			shellPath = /bin/sh;
			shellScript = "diff \"${PODS_PODFILE_DIR_PATH}/Podfile.lock\" \"${PODS_ROOT}/Manifest.lock\" > /dev/null\nif [ $? != 0 ] ; then\n    # print error to STDERR\n    echo \"error: The sandbox is not in sync with the Podfile.lock. Run 'pod install' or update your CocoaPods installation.\" >&2\n    exit 1\nfi\n# This output is used by Xcode 'outputs' to avoid re-running this script phase.\necho \"SUCCESS\" > \"${SCRIPT_OUTPUT_FILE_0}\"\n";
			showEnvVarsInLog = 0;
		};
		7E7BA2918BBA5FA109CD26D4 /* [CP] Embed Pods Frameworks */ = {
			isa = PBXShellScriptBuildPhase;
			buildActionMask = 2147483647;
			files = (
			);
			inputFileListPaths = (
				"${PODS_ROOT}/Target Support Files/Pods-TinderClone/Pods-TinderClone-frameworks-${CONFIGURATION}-input-files.xcfilelist",
			);
			name = "[CP] Embed Pods Frameworks";
			outputFileListPaths = (
				"${PODS_ROOT}/Target Support Files/Pods-TinderClone/Pods-TinderClone-frameworks-${CONFIGURATION}-output-files.xcfilelist",
			);
			runOnlyForDeploymentPostprocessing = 0;
			shellPath = /bin/sh;
			shellScript = "\"${PODS_ROOT}/Target Support Files/Pods-TinderClone/Pods-TinderClone-frameworks.sh\"\n";
			showEnvVarsInLog = 0;
		};
/* End PBXShellScriptBuildPhase section */

/* Begin PBXSourcesBuildPhase section */
		D748B3E424BC95DA0008C3B4 /* Sources */ = {
			isa = PBXSourcesBuildPhase;
			buildActionMask = 2147483647;
			files = (
				D75DB46E24C4165D00F118C3 /* SettingsController.swift in Sources */,
				D75DB47024C41A0100F118C3 /* SettingHeader.swift in Sources */,
				D748B41024BCAA560008C3B4 /* CardView.swift in Sources */,
				D788EDAC24C330C000D0D85A /* Constants.swift in Sources */,
				D77CA22324C092C000A3CFEA /* AuthButton.swift in Sources */,
				D748B40E24BCA09E0008C3B4 /* BottomControlsStackView.swift in Sources */,
				D748B3EC24BC95DA0008C3B4 /* AppDelegate.swift in Sources */,
				D748B3EE24BC95DA0008C3B4 /* SceneDelegate.swift in Sources */,
				D7E8C5AA24C2B6B3009C7338 /* AuthentificationViewModel.swift in Sources */,
				D7D92DFC24BDF9E600E610EA /* User.swift in Sources */,
				D748B40C24BC9A670008C3B4 /* HomeNavigationStackView.swift in Sources */,
				D78869FD24BF45AC004A06F4 /* RegistrationController.swift in Sources */,
				D788EDAA24C30D7A00D0D85A /* Service.swift in Sources */,
				D748B40624BC96760008C3B4 /* HomeController.swift in Sources */,
				D77CA22124C08EAF00A3CFEA /* CustomTextField.swift in Sources */,
				D748B40A24BC98B40008C3B4 /* Extensions.swift in Sources */,
				D788EDA824C30D6800D0D85A /* AuthService.swift in Sources */,
				D7D92DFE24BDFADA00E610EA /* CardViewModel.swift in Sources */,
				D75DB47224C429A500F118C3 /* SettingCell.swift in Sources */,
				D78869FB24BF459A004A06F4 /* LoginController.swift in Sources */,
				D75DB47424C42AEC00F118C3 /* SettingsViewModel.swift in Sources */,
			);
			runOnlyForDeploymentPostprocessing = 0;
		};
/* End PBXSourcesBuildPhase section */

/* Begin PBXVariantGroup section */
		D748B3F124BC95DA0008C3B4 /* Main.storyboard */ = {
			isa = PBXVariantGroup;
			children = (
				D748B3F224BC95DA0008C3B4 /* Base */,
			);
			name = Main.storyboard;
			sourceTree = "<group>";
		};
		D748B3F624BC95DB0008C3B4 /* LaunchScreen.storyboard */ = {
			isa = PBXVariantGroup;
			children = (
				D748B3F724BC95DB0008C3B4 /* Base */,
			);
			name = LaunchScreen.storyboard;
			sourceTree = "<group>";
		};
/* End PBXVariantGroup section */

/* Begin XCBuildConfiguration section */
		D748B3FA24BC95DB0008C3B4 /* Debug */ = {
			isa = XCBuildConfiguration;
			buildSettings = {
				ALWAYS_SEARCH_USER_PATHS = NO;
				CLANG_ANALYZER_NONNULL = YES;
				CLANG_ANALYZER_NUMBER_OBJECT_CONVERSION = YES_AGGRESSIVE;
				CLANG_CXX_LANGUAGE_STANDARD = "gnu++14";
				CLANG_CXX_LIBRARY = "libc++";
				CLANG_ENABLE_MODULES = YES;
				CLANG_ENABLE_OBJC_ARC = YES;
				CLANG_ENABLE_OBJC_WEAK = YES;
				CLANG_WARN_BLOCK_CAPTURE_AUTORELEASING = YES;
				CLANG_WARN_BOOL_CONVERSION = YES;
				CLANG_WARN_COMMA = YES;
				CLANG_WARN_CONSTANT_CONVERSION = YES;
				CLANG_WARN_DEPRECATED_OBJC_IMPLEMENTATIONS = YES;
				CLANG_WARN_DIRECT_OBJC_ISA_USAGE = YES_ERROR;
				CLANG_WARN_DOCUMENTATION_COMMENTS = YES;
				CLANG_WARN_EMPTY_BODY = YES;
				CLANG_WARN_ENUM_CONVERSION = YES;
				CLANG_WARN_INFINITE_RECURSION = YES;
				CLANG_WARN_INT_CONVERSION = YES;
				CLANG_WARN_NON_LITERAL_NULL_CONVERSION = YES;
				CLANG_WARN_OBJC_IMPLICIT_RETAIN_SELF = YES;
				CLANG_WARN_OBJC_LITERAL_CONVERSION = YES;
				CLANG_WARN_OBJC_ROOT_CLASS = YES_ERROR;
				CLANG_WARN_RANGE_LOOP_ANALYSIS = YES;
				CLANG_WARN_STRICT_PROTOTYPES = YES;
				CLANG_WARN_SUSPICIOUS_MOVE = YES;
				CLANG_WARN_UNGUARDED_AVAILABILITY = YES_AGGRESSIVE;
				CLANG_WARN_UNREACHABLE_CODE = YES;
				CLANG_WARN__DUPLICATE_METHOD_MATCH = YES;
				COPY_PHASE_STRIP = NO;
				DEBUG_INFORMATION_FORMAT = dwarf;
				ENABLE_STRICT_OBJC_MSGSEND = YES;
				ENABLE_TESTABILITY = YES;
				GCC_C_LANGUAGE_STANDARD = gnu11;
				GCC_DYNAMIC_NO_PIC = NO;
				GCC_NO_COMMON_BLOCKS = YES;
				GCC_OPTIMIZATION_LEVEL = 0;
				GCC_PREPROCESSOR_DEFINITIONS = (
					"DEBUG=1",
					"$(inherited)",
				);
				GCC_WARN_64_TO_32_BIT_CONVERSION = YES;
				GCC_WARN_ABOUT_RETURN_TYPE = YES_ERROR;
				GCC_WARN_UNDECLARED_SELECTOR = YES;
				GCC_WARN_UNINITIALIZED_AUTOS = YES_AGGRESSIVE;
				GCC_WARN_UNUSED_FUNCTION = YES;
				GCC_WARN_UNUSED_VARIABLE = YES;
				IPHONEOS_DEPLOYMENT_TARGET = 13.2;
				MTL_ENABLE_DEBUG_INFO = INCLUDE_SOURCE;
				MTL_FAST_MATH = YES;
				ONLY_ACTIVE_ARCH = YES;
				SDKROOT = iphoneos;
				SWIFT_ACTIVE_COMPILATION_CONDITIONS = DEBUG;
				SWIFT_OPTIMIZATION_LEVEL = "-Onone";
			};
			name = Debug;
		};
		D748B3FB24BC95DB0008C3B4 /* Release */ = {
			isa = XCBuildConfiguration;
			buildSettings = {
				ALWAYS_SEARCH_USER_PATHS = NO;
				CLANG_ANALYZER_NONNULL = YES;
				CLANG_ANALYZER_NUMBER_OBJECT_CONVERSION = YES_AGGRESSIVE;
				CLANG_CXX_LANGUAGE_STANDARD = "gnu++14";
				CLANG_CXX_LIBRARY = "libc++";
				CLANG_ENABLE_MODULES = YES;
				CLANG_ENABLE_OBJC_ARC = YES;
				CLANG_ENABLE_OBJC_WEAK = YES;
				CLANG_WARN_BLOCK_CAPTURE_AUTORELEASING = YES;
				CLANG_WARN_BOOL_CONVERSION = YES;
				CLANG_WARN_COMMA = YES;
				CLANG_WARN_CONSTANT_CONVERSION = YES;
				CLANG_WARN_DEPRECATED_OBJC_IMPLEMENTATIONS = YES;
				CLANG_WARN_DIRECT_OBJC_ISA_USAGE = YES_ERROR;
				CLANG_WARN_DOCUMENTATION_COMMENTS = YES;
				CLANG_WARN_EMPTY_BODY = YES;
				CLANG_WARN_ENUM_CONVERSION = YES;
				CLANG_WARN_INFINITE_RECURSION = YES;
				CLANG_WARN_INT_CONVERSION = YES;
				CLANG_WARN_NON_LITERAL_NULL_CONVERSION = YES;
				CLANG_WARN_OBJC_IMPLICIT_RETAIN_SELF = YES;
				CLANG_WARN_OBJC_LITERAL_CONVERSION = YES;
				CLANG_WARN_OBJC_ROOT_CLASS = YES_ERROR;
				CLANG_WARN_RANGE_LOOP_ANALYSIS = YES;
				CLANG_WARN_STRICT_PROTOTYPES = YES;
				CLANG_WARN_SUSPICIOUS_MOVE = YES;
				CLANG_WARN_UNGUARDED_AVAILABILITY = YES_AGGRESSIVE;
				CLANG_WARN_UNREACHABLE_CODE = YES;
				CLANG_WARN__DUPLICATE_METHOD_MATCH = YES;
				COPY_PHASE_STRIP = NO;
				DEBUG_INFORMATION_FORMAT = "dwarf-with-dsym";
				ENABLE_NS_ASSERTIONS = NO;
				ENABLE_STRICT_OBJC_MSGSEND = YES;
				GCC_C_LANGUAGE_STANDARD = gnu11;
				GCC_NO_COMMON_BLOCKS = YES;
				GCC_WARN_64_TO_32_BIT_CONVERSION = YES;
				GCC_WARN_ABOUT_RETURN_TYPE = YES_ERROR;
				GCC_WARN_UNDECLARED_SELECTOR = YES;
				GCC_WARN_UNINITIALIZED_AUTOS = YES_AGGRESSIVE;
				GCC_WARN_UNUSED_FUNCTION = YES;
				GCC_WARN_UNUSED_VARIABLE = YES;
				IPHONEOS_DEPLOYMENT_TARGET = 13.2;
				MTL_ENABLE_DEBUG_INFO = NO;
				MTL_FAST_MATH = YES;
				SDKROOT = iphoneos;
				SWIFT_COMPILATION_MODE = wholemodule;
				SWIFT_OPTIMIZATION_LEVEL = "-O";
				VALIDATE_PRODUCT = YES;
			};
			name = Release;
		};
		D748B3FD24BC95DB0008C3B4 /* Debug */ = {
			isa = XCBuildConfiguration;
			baseConfigurationReference = 7F827DCC284069587C3811B9 /* Pods-TinderClone.debug.xcconfig */;
			buildSettings = {
				ASSETCATALOG_COMPILER_APPICON_NAME = AppIcon;
				CODE_SIGN_STYLE = Automatic;
				DEVELOPMENT_TEAM = MABA34TTT9;
				INFOPLIST_FILE = TinderClone/Info.plist;
				LD_RUNPATH_SEARCH_PATHS = (
					"$(inherited)",
					"@executable_path/Frameworks",
				);
				PRODUCT_BUNDLE_IDENTIFIER = com.rizaldi.TinderClone;
				PRODUCT_NAME = "$(TARGET_NAME)";
				SWIFT_VERSION = 5.0;
				TARGETED_DEVICE_FAMILY = "1,2";
			};
			name = Debug;
		};
		D748B3FE24BC95DB0008C3B4 /* Release */ = {
			isa = XCBuildConfiguration;
			baseConfigurationReference = E4ADD36F26DF97128FD73970 /* Pods-TinderClone.release.xcconfig */;
			buildSettings = {
				ASSETCATALOG_COMPILER_APPICON_NAME = AppIcon;
				CODE_SIGN_STYLE = Automatic;
				DEVELOPMENT_TEAM = MABA34TTT9;
				INFOPLIST_FILE = TinderClone/Info.plist;
				LD_RUNPATH_SEARCH_PATHS = (
					"$(inherited)",
					"@executable_path/Frameworks",
				);
				PRODUCT_BUNDLE_IDENTIFIER = com.rizaldi.TinderClone;
				PRODUCT_NAME = "$(TARGET_NAME)";
				SWIFT_VERSION = 5.0;
				TARGETED_DEVICE_FAMILY = "1,2";
			};
			name = Release;
		};
/* End XCBuildConfiguration section */

/* Begin XCConfigurationList section */
		D748B3E324BC95DA0008C3B4 /* Build configuration list for PBXProject "TinderClone" */ = {
			isa = XCConfigurationList;
			buildConfigurations = (
				D748B3FA24BC95DB0008C3B4 /* Debug */,
				D748B3FB24BC95DB0008C3B4 /* Release */,
			);
			defaultConfigurationIsVisible = 0;
			defaultConfigurationName = Release;
		};
		D748B3FC24BC95DB0008C3B4 /* Build configuration list for PBXNativeTarget "TinderClone" */ = {
			isa = XCConfigurationList;
			buildConfigurations = (
				D748B3FD24BC95DB0008C3B4 /* Debug */,
				D748B3FE24BC95DB0008C3B4 /* Release */,
			);
			defaultConfigurationIsVisible = 0;
			defaultConfigurationName = Release;
		};
/* End XCConfigurationList section */
	};
	rootObject = D748B3E024BC95DA0008C3B4 /* Project object */;
}
